// !$*UTF8*$!
{
	archiveVersion = 1;
	classes = {
	};
	objectVersion = 77;
	objects = {

/* Begin PBXBuildFile section */
		277529322F2A7470003F4302 /* WidgetKit.framework in Frameworks */ = {isa = PBXBuildFile; fileRef = 277529312F2A7470003F4302 /* WidgetKit.framework */; };
		277529342F2A7470003F4302 /* SwiftUI.framework in Frameworks */ = {isa = PBXBuildFile; fileRef = 277529332F2A7470003F4302 /* SwiftUI.framework */; };
		277529452F2A7473003F4302 /* MakiExtension.appex in Embed Foundation Extensions */ = {isa = PBXBuildFile; fileRef = 2775292F2F2A746F003F4302 /* MakiExtension.appex */; settings = {ATTRIBUTES = (RemoveHeadersOnCopy, ); }; };
/* End PBXBuildFile section */

/* Begin PBXContainerItemProxy section */
		2775290F2F2A73EE003F4302 /* PBXContainerItemProxy */ = {
			isa = PBXContainerItemProxy;
			containerPortal = 277528F92F2A73EC003F4302 /* Project object */;
			proxyType = 1;
			remoteGlobalIDString = 277529002F2A73EC003F4302;
			remoteInfo = Tracker_Habits_IOS;
		};
		277529192F2A73EE003F4302 /* PBXContainerItemProxy */ = {
			isa = PBXContainerItemProxy;
			containerPortal = 277528F92F2A73EC003F4302 /* Project object */;
			proxyType = 1;
			remoteGlobalIDString = 277529002F2A73EC003F4302;
			remoteInfo = Tracker_Habits_IOS;
		};
		277529432F2A7473003F4302 /* PBXContainerItemProxy */ = {
			isa = PBXContainerItemProxy;
			containerPortal = 277528F92F2A73EC003F4302 /* Project object */;
			proxyType = 1;
			remoteGlobalIDString = 2775292E2F2A746F003F4302;
			remoteInfo = MakiExtension;
		};
/* End PBXContainerItemProxy section */

/* Begin PBXCopyFilesBuildPhase section */
		2775294A2F2A7473003F4302 /* Embed Foundation Extensions */ = {
			isa = PBXCopyFilesBuildPhase;
			buildActionMask = 2147483647;
			dstPath = "";
			dstSubfolderSpec = 13;
			files = (
				277529452F2A7473003F4302 /* MakiExtension.appex in Embed Foundation Extensions */,
			);
			name = "Embed Foundation Extensions";
			runOnlyForDeploymentPostprocessing = 0;
		};
/* End PBXCopyFilesBuildPhase section */

/* Begin PBXFileReference section */
		277529012F2A73EC003F4302 /* Tracker_Habits_IOS.app */ = {isa = PBXFileReference; explicitFileType = wrapper.application; includeInIndex = 0; path = Tracker_Habits_IOS.app; sourceTree = BUILT_PRODUCTS_DIR; };
		2775290E2F2A73EE003F4302 /* Tracker_Habits_IOSTests.xctest */ = {isa = PBXFileReference; explicitFileType = wrapper.cfbundle; includeInIndex = 0; path = Tracker_Habits_IOSTests.xctest; sourceTree = BUILT_PRODUCTS_DIR; };
		277529182F2A73EE003F4302 /* Tracker_Habits_IOSUITests.xctest */ = {isa = PBXFileReference; explicitFileType = wrapper.cfbundle; includeInIndex = 0; path = Tracker_Habits_IOSUITests.xctest; sourceTree = BUILT_PRODUCTS_DIR; };
		2775292F2F2A746F003F4302 /* MakiExtension.appex */ = {isa = PBXFileReference; explicitFileType = "wrapper.app-extension"; includeInIndex = 0; path = MakiExtension.appex; sourceTree = BUILT_PRODUCTS_DIR; };
		277529312F2A7470003F4302 /* WidgetKit.framework */ = {isa = PBXFileReference; lastKnownFileType = wrapper.framework; name = WidgetKit.framework; path = System/Library/Frameworks/WidgetKit.framework; sourceTree = SDKROOT; };
		277529332F2A7470003F4302 /* SwiftUI.framework */ = {isa = PBXFileReference; lastKnownFileType = wrapper.framework; name = SwiftUI.framework; path = System/Library/Frameworks/SwiftUI.framework; sourceTree = SDKROOT; };
		2775294C2F2A75A8003F4302 /* MakiExtension.entitlements */ = {isa = PBXFileReference; lastKnownFileType = text.plist.entitlements; path = MakiExtension.entitlements; sourceTree = "<group>"; };
/* End PBXFileReference section */

/* Begin PBXFileSystemSynchronizedBuildFileExceptionSet section */
		277529462F2A7473003F4302 /* Exceptions for "Maki" folder in "MakiExtension" target */ = {
			isa = PBXFileSystemSynchronizedBuildFileExceptionSet;
			membershipExceptions = (
				Info.plist,
			);
			target = 2775292E2F2A746F003F4302 /* MakiExtension */;
		};
		277529552F2A787F003F4302 /* Exceptions for "Tracker_Habits_IOS" folder in "MakiExtension" target */ = {
			isa = PBXFileSystemSynchronizedBuildFileExceptionSet;
			membershipExceptions = (
				HabitStore.swift,
			);
			target = 2775292E2F2A746F003F4302 /* MakiExtension */;
		};
/* End PBXFileSystemSynchronizedBuildFileExceptionSet section */

/* Begin PBXFileSystemSynchronizedRootGroup section */
		277529032F2A73EC003F4302 /* Tracker_Habits_IOS */ = {
			isa = PBXFileSystemSynchronizedRootGroup;
			exceptions = (
				277529552F2A787F003F4302 /* Exceptions for "Tracker_Habits_IOS" folder in "MakiExtension" target */,
			);
			path = Tracker_Habits_IOS;
			sourceTree = "<group>";
		};
		277529112F2A73EE003F4302 /* Tracker_Habits_IOSTests */ = {
			isa = PBXFileSystemSynchronizedRootGroup;
			path = Tracker_Habits_IOSTests;
			sourceTree = "<group>";
		};
		2775291B2F2A73EE003F4302 /* Tracker_Habits_IOSUITests */ = {
			isa = PBXFileSystemSynchronizedRootGroup;
			path = Tracker_Habits_IOSUITests;
			sourceTree = "<group>";
		};
		277529352F2A7470003F4302 /* Maki */ = {
			isa = PBXFileSystemSynchronizedRootGroup;
			exceptions = (
				277529462F2A7473003F4302 /* Exceptions for "Maki" folder in "MakiExtension" target */,
			);
			path = Maki;
			sourceTree = "<group>";
		};
/* End PBXFileSystemSynchronizedRootGroup section */

/* Begin PBXFrameworksBuildPhase section */
		277528FE2F2A73EC003F4302 /* Frameworks */ = {
			isa = PBXFrameworksBuildPhase;
			buildActionMask = 2147483647;
			files = (
			);
			runOnlyForDeploymentPostprocessing = 0;
		};
		2775290B2F2A73EE003F4302 /* Frameworks */ = {
			isa = PBXFrameworksBuildPhase;
			buildActionMask = 2147483647;
			files = (
			);
			runOnlyForDeploymentPostprocessing = 0;
		};
		277529152F2A73EE003F4302 /* Frameworks */ = {
			isa = PBXFrameworksBuildPhase;
			buildActionMask = 2147483647;
			files = (
			);
			runOnlyForDeploymentPostprocessing = 0;
		};
		2775292C2F2A746F003F4302 /* Frameworks */ = {
			isa = PBXFrameworksBuildPhase;
			buildActionMask = 2147483647;
			files = (
				277529342F2A7470003F4302 /* SwiftUI.framework in Frameworks */,
				277529322F2A7470003F4302 /* WidgetKit.framework in Frameworks */,
			);
			runOnlyForDeploymentPostprocessing = 0;
		};
/* End PBXFrameworksBuildPhase section */

/* Begin PBXGroup section */
		277528F82F2A73EC003F4302 = {
			isa = PBXGroup;
			children = (
				2775294C2F2A75A8003F4302 /* MakiExtension.entitlements */,
				277529032F2A73EC003F4302 /* Tracker_Habits_IOS */,
				277529112F2A73EE003F4302 /* Tracker_Habits_IOSTests */,
				2775291B2F2A73EE003F4302 /* Tracker_Habits_IOSUITests */,
				277529352F2A7470003F4302 /* Maki */,
				277529302F2A7470003F4302 /* Frameworks */,
				277529022F2A73EC003F4302 /* Products */,
			);
			sourceTree = "<group>";
		};
		277529022F2A73EC003F4302 /* Products */ = {
			isa = PBXGroup;
			children = (
				277529012F2A73EC003F4302 /* Tracker_Habits_IOS.app */,
				2775290E2F2A73EE003F4302 /* Tracker_Habits_IOSTests.xctest */,
				277529182F2A73EE003F4302 /* Tracker_Habits_IOSUITests.xctest */,
				2775292F2F2A746F003F4302 /* MakiExtension.appex */,
			);
			name = Products;
			sourceTree = "<group>";
		};
		277529302F2A7470003F4302 /* Frameworks */ = {
			isa = PBXGroup;
			children = (
				277529312F2A7470003F4302 /* WidgetKit.framework */,
				277529332F2A7470003F4302 /* SwiftUI.framework */,
			);
			name = Frameworks;
			sourceTree = "<group>";
		};
/* End PBXGroup section */

/* Begin PBXNativeTarget section */
		277529002F2A73EC003F4302 /* Tracker_Habits_IOS */ = {
			isa = PBXNativeTarget;
			buildConfigurationList = 277529222F2A73EE003F4302 /* Build configuration list for PBXNativeTarget "Tracker_Habits_IOS" */;
			buildPhases = (
				277528FD2F2A73EC003F4302 /* Sources */,
				277528FE2F2A73EC003F4302 /* Frameworks */,
				277528FF2F2A73EC003F4302 /* Resources */,
				2775294A2F2A7473003F4302 /* Embed Foundation Extensions */,
			);
			buildRules = (
			);
			dependencies = (
				277529442F2A7473003F4302 /* PBXTargetDependency */,
			);
			fileSystemSynchronizedGroups = (
				277529032F2A73EC003F4302 /* Tracker_Habits_IOS */,
			);
			name = Tracker_Habits_IOS;
			packageProductDependencies = (
			);
			productName = Tracker_Habits_IOS;
			productReference = 277529012F2A73EC003F4302 /* Tracker_Habits_IOS.app */;
			productType = "com.apple.product-type.application";
		};
		2775290D2F2A73EE003F4302 /* Tracker_Habits_IOSTests */ = {
			isa = PBXNativeTarget;
			buildConfigurationList = 277529252F2A73EE003F4302 /* Build configuration list for PBXNativeTarget "Tracker_Habits_IOSTests" */;
			buildPhases = (
				2775290A2F2A73EE003F4302 /* Sources */,
				2775290B2F2A73EE003F4302 /* Frameworks */,
				2775290C2F2A73EE003F4302 /* Resources */,
			);
			buildRules = (
			);
			dependencies = (
				277529102F2A73EE003F4302 /* PBXTargetDependency */,
			);
			fileSystemSynchronizedGroups = (
				277529112F2A73EE003F4302 /* Tracker_Habits_IOSTests */,
			);
			name = Tracker_Habits_IOSTests;
			packageProductDependencies = (
			);
			productName = Tracker_Habits_IOSTests;
			productReference = 2775290E2F2A73EE003F4302 /* Tracker_Habits_IOSTests.xctest */;
			productType = "com.apple.product-type.bundle.unit-test";
		};
		277529172F2A73EE003F4302 /* Tracker_Habits_IOSUITests */ = {
			isa = PBXNativeTarget;
			buildConfigurationList = 277529282F2A73EE003F4302 /* Build configuration list for PBXNativeTarget "Tracker_Habits_IOSUITests" */;
			buildPhases = (
				277529142F2A73EE003F4302 /* Sources */,
				277529152F2A73EE003F4302 /* Frameworks */,
				277529162F2A73EE003F4302 /* Resources */,
			);
			buildRules = (
			);
			dependencies = (
				2775291A2F2A73EE003F4302 /* PBXTargetDependency */,
			);
			fileSystemSynchronizedGroups = (
				2775291B2F2A73EE003F4302 /* Tracker_Habits_IOSUITests */,
			);
			name = Tracker_Habits_IOSUITests;
			packageProductDependencies = (
			);
			productName = Tracker_Habits_IOSUITests;
			productReference = 277529182F2A73EE003F4302 /* Tracker_Habits_IOSUITests.xctest */;
			productType = "com.apple.product-type.bundle.ui-testing";
		};
		2775292E2F2A746F003F4302 /* MakiExtension */ = {
			isa = PBXNativeTarget;
			buildConfigurationList = 277529472F2A7473003F4302 /* Build configuration list for PBXNativeTarget "MakiExtension" */;
			buildPhases = (
				2775292B2F2A746F003F4302 /* Sources */,
				2775292C2F2A746F003F4302 /* Frameworks */,
				2775292D2F2A746F003F4302 /* Resources */,
			);
			buildRules = (
			);
			dependencies = (
			);
			fileSystemSynchronizedGroups = (
				277529352F2A7470003F4302 /* Maki */,
			);
			name = MakiExtension;
			packageProductDependencies = (
			);
			productName = MakiExtension;
			productReference = 2775292F2F2A746F003F4302 /* MakiExtension.appex */;
			productType = "com.apple.product-type.app-extension";
		};
/* End PBXNativeTarget section */

/* Begin PBXProject section */
		277528F92F2A73EC003F4302 /* Project object */ = {
			isa = PBXProject;
			attributes = {
				BuildIndependentTargetsInParallel = 1;
				LastSwiftUpdateCheck = 1640;
				LastUpgradeCheck = 1640;
				TargetAttributes = {
					277529002F2A73EC003F4302 = {
						CreatedOnToolsVersion = 16.4;
					};
					2775290D2F2A73EE003F4302 = {
						CreatedOnToolsVersion = 16.4;
						TestTargetID = 277529002F2A73EC003F4302;
					};
					277529172F2A73EE003F4302 = {
						CreatedOnToolsVersion = 16.4;
						TestTargetID = 277529002F2A73EC003F4302;
					};
					2775292E2F2A746F003F4302 = {
						CreatedOnToolsVersion = 16.4;
					};
				};
			};
			buildConfigurationList = 277528FC2F2A73EC003F4302 /* Build configuration list for PBXProject "Tracker_Habits_IOS" */;
			developmentRegion = en;
			hasScannedForEncodings = 0;
			knownRegions = (
				en,
				Base,
			);
			mainGroup = 277528F82F2A73EC003F4302;
			minimizedProjectReferenceProxies = 1;
			preferredProjectObjectVersion = 77;
			productRefGroup = 277529022F2A73EC003F4302 /* Products */;
			projectDirPath = "";
			projectRoot = "";
			targets = (
				277529002F2A73EC003F4302 /* Tracker_Habits_IOS */,
				2775290D2F2A73EE003F4302 /* Tracker_Habits_IOSTests */,
				277529172F2A73EE003F4302 /* Tracker_Habits_IOSUITests */,
				2775292E2F2A746F003F4302 /* MakiExtension */,
			);
		};
/* End PBXProject section */

/* Begin PBXResourcesBuildPhase section */
		277528FF2F2A73EC003F4302 /* Resources */ = {
			isa = PBXResourcesBuildPhase;
			buildActionMask = 2147483647;
			files = (
			);
			runOnlyForDeploymentPostprocessing = 0;
		};
		2775290C2F2A73EE003F4302 /* Resources */ = {
			isa = PBXResourcesBuildPhase;
			buildActionMask = 2147483647;
			files = (
			);
			runOnlyForDeploymentPostprocessing = 0;
		};
		277529162F2A73EE003F4302 /* Resources */ = {
			isa = PBXResourcesBuildPhase;
			buildActionMask = 2147483647;
			files = (
			);
			runOnlyForDeploymentPostprocessing = 0;
		};
		2775292D2F2A746F003F4302 /* Resources */ = {
			isa = PBXResourcesBuildPhase;
			buildActionMask = 2147483647;
			files = (
			);
			runOnlyForDeploymentPostprocessing = 0;
		};
/* End PBXResourcesBuildPhase section */

/* Begin PBXSourcesBuildPhase section */
		277528FD2F2A73EC003F4302 /* Sources */ = {
			isa = PBXSourcesBuildPhase;
			buildActionMask = 2147483647;
			files = (
			);
			runOnlyForDeploymentPostprocessing = 0;
		};
		2775290A2F2A73EE003F4302 /* Sources */ = {
			isa = PBXSourcesBuildPhase;
			buildActionMask = 2147483647;
			files = (
			);
			runOnlyForDeploymentPostprocessing = 0;
		};
		277529142F2A73EE003F4302 /* Sources */ = {
			isa = PBXSourcesBuildPhase;
			buildActionMask = 2147483647;
			files = (
			);
			runOnlyForDeploymentPostprocessing = 0;
		};
		2775292B2F2A746F003F4302 /* Sources */ = {
			isa = PBXSourcesBuildPhase;
			buildActionMask = 2147483647;
			files = (
			);
			runOnlyForDeploymentPostprocessing = 0;
		};
/* End PBXSourcesBuildPhase section */

/* Begin PBXTargetDependency section */
		277529102F2A73EE003F4302 /* PBXTargetDependency */ = {
			isa = PBXTargetDependency;
			target = 277529002F2A73EC003F4302 /* Tracker_Habits_IOS */;
			targetProxy = 2775290F2F2A73EE003F4302 /* PBXContainerItemProxy */;
		};
		2775291A2F2A73EE003F4302 /* PBXTargetDependency */ = {
			isa = PBXTargetDependency;
			target = 277529002F2A73EC003F4302 /* Tracker_Habits_IOS */;
			targetProxy = 277529192F2A73EE003F4302 /* PBXContainerItemProxy */;
		};
		277529442F2A7473003F4302 /* PBXTargetDependency */ = {
			isa = PBXTargetDependency;
			target = 2775292E2F2A746F003F4302 /* MakiExtension */;
			targetProxy = 277529432F2A7473003F4302 /* PBXContainerItemProxy */;
		};
/* End PBXTargetDependency section */

/* Begin XCBuildConfiguration section */
		277529202F2A73EE003F4302 /* Debug */ = {
			isa = XCBuildConfiguration;
			buildSettings = {
				ALWAYS_SEARCH_USER_PATHS = NO;
				ASSETCATALOG_COMPILER_GENERATE_SWIFT_ASSET_SYMBOL_EXTENSIONS = YES;
				CLANG_ANALYZER_NONNULL = YES;
				CLANG_ANALYZER_NUMBER_OBJECT_CONVERSION = YES_AGGRESSIVE;
				CLANG_CXX_LANGUAGE_STANDARD = "gnu++20";
				CLANG_ENABLE_MODULES = YES;
				CLANG_ENABLE_OBJC_ARC = YES;
				CLANG_ENABLE_OBJC_WEAK = YES;
				CLANG_WARN_BLOCK_CAPTURE_AUTORELEASING = YES;
				CLANG_WARN_BOOL_CONVERSION = YES;
				CLANG_WARN_COMMA = YES;
				CLANG_WARN_CONSTANT_CONVERSION = YES;
				CLANG_WARN_DEPRECATED_OBJC_IMPLEMENTATIONS = YES;
				CLANG_WARN_DIRECT_OBJC_ISA_USAGE = YES_ERROR;
				CLANG_WARN_DOCUMENTATION_COMMENTS = YES;
				CLANG_WARN_EMPTY_BODY = YES;
				CLANG_WARN_ENUM_CONVERSION = YES;
				CLANG_WARN_INFINITE_RECURSION = YES;
				CLANG_WARN_INT_CONVERSION = YES;
				CLANG_WARN_NON_LITERAL_NULL_CONVERSION = YES;
				CLANG_WARN_OBJC_IMPLICIT_RETAIN_SELF = YES;
				CLANG_WARN_OBJC_LITERAL_CONVERSION = YES;
				CLANG_WARN_OBJC_ROOT_CLASS = YES_ERROR;
				CLANG_WARN_QUOTED_INCLUDE_IN_FRAMEWORK_HEADER = YES;
				CLANG_WARN_RANGE_LOOP_ANALYSIS = YES;
				CLANG_WARN_STRICT_PROTOTYPES = YES;
				CLANG_WARN_SUSPICIOUS_MOVE = YES;
				CLANG_WARN_UNGUARDED_AVAILABILITY = YES_AGGRESSIVE;
				CLANG_WARN_UNREACHABLE_CODE = YES;
				CLANG_WARN__DUPLICATE_METHOD_MATCH = YES;
				COPY_PHASE_STRIP = NO;
				DEBUG_INFORMATION_FORMAT = dwarf;
				ENABLE_STRICT_OBJC_MSGSEND = YES;
				ENABLE_TESTABILITY = YES;
				ENABLE_USER_SCRIPT_SANDBOXING = YES;
				GCC_C_LANGUAGE_STANDARD = gnu17;
				GCC_DYNAMIC_NO_PIC = NO;
				GCC_NO_COMMON_BLOCKS = YES;
				GCC_OPTIMIZATION_LEVEL = 0;
				GCC_PREPROCESSOR_DEFINITIONS = (
					"DEBUG=1",
					"$(inherited)",
				);
				GCC_WARN_64_TO_32_BIT_CONVERSION = YES;
				GCC_WARN_ABOUT_RETURN_TYPE = YES_ERROR;
				GCC_WARN_UNDECLARED_SELECTOR = YES;
				GCC_WARN_UNINITIALIZED_AUTOS = YES_AGGRESSIVE;
				GCC_WARN_UNUSED_FUNCTION = YES;
				GCC_WARN_UNUSED_VARIABLE = YES;
				IPHONEOS_DEPLOYMENT_TARGET = 18.5;
				LOCALIZATION_PREFERS_STRING_CATALOGS = YES;
				MTL_ENABLE_DEBUG_INFO = INCLUDE_SOURCE;
				MTL_FAST_MATH = YES;
				ONLY_ACTIVE_ARCH = YES;
				SDKROOT = iphoneos;
				SWIFT_ACTIVE_COMPILATION_CONDITIONS = "DEBUG $(inherited)";
				SWIFT_OPTIMIZATION_LEVEL = "-Onone";
			};
			name = Debug;
		};
		277529212F2A73EE003F4302 /* Release */ = {
			isa = XCBuildConfiguration;
			buildSettings = {
				ALWAYS_SEARCH_USER_PATHS = NO;
				ASSETCATALOG_COMPILER_GENERATE_SWIFT_ASSET_SYMBOL_EXTENSIONS = YES;
				CLANG_ANALYZER_NONNULL = YES;
				CLANG_ANALYZER_NUMBER_OBJECT_CONVERSION = YES_AGGRESSIVE;
				CLANG_CXX_LANGUAGE_STANDARD = "gnu++20";
				CLANG_ENABLE_MODULES = YES;
				CLANG_ENABLE_OBJC_ARC = YES;
				CLANG_ENABLE_OBJC_WEAK = YES;
				CLANG_WARN_BLOCK_CAPTURE_AUTORELEASING = YES;
				CLANG_WARN_BOOL_CONVERSION = YES;
				CLANG_WARN_COMMA = YES;
				CLANG_WARN_CONSTANT_CONVERSION = YES;
				CLANG_WARN_DEPRECATED_OBJC_IMPLEMENTATIONS = YES;
				CLANG_WARN_DIRECT_OBJC_ISA_USAGE = YES_ERROR;
				CLANG_WARN_DOCUMENTATION_COMMENTS = YES;
				CLANG_WARN_EMPTY_BODY = YES;
				CLANG_WARN_ENUM_CONVERSION = YES;
				CLANG_WARN_INFINITE_RECURSION = YES;
				CLANG_WARN_INT_CONVERSION = YES;
				CLANG_WARN_NON_LITERAL_NULL_CONVERSION = YES;
				CLANG_WARN_OBJC_IMPLICIT_RETAIN_SELF = YES;
				CLANG_WARN_OBJC_LITERAL_CONVERSION = YES;
				CLANG_WARN_OBJC_ROOT_CLASS = YES_ERROR;
				CLANG_WARN_QUOTED_INCLUDE_IN_FRAMEWORK_HEADER = YES;
				CLANG_WARN_RANGE_LOOP_ANALYSIS = YES;
				CLANG_WARN_STRICT_PROTOTYPES = YES;
				CLANG_WARN_SUSPICIOUS_MOVE = YES;
				CLANG_WARN_UNGUARDED_AVAILABILITY = YES_AGGRESSIVE;
				CLANG_WARN_UNREACHABLE_CODE = YES;
				CLANG_WARN__DUPLICATE_METHOD_MATCH = YES;
				COPY_PHASE_STRIP = NO;
				DEBUG_INFORMATION_FORMAT = "dwarf-with-dsym";
				ENABLE_NS_ASSERTIONS = NO;
				ENABLE_STRICT_OBJC_MSGSEND = YES;
				ENABLE_USER_SCRIPT_SANDBOXING = YES;
				GCC_C_LANGUAGE_STANDARD = gnu17;
				GCC_NO_COMMON_BLOCKS = YES;
				GCC_WARN_64_TO_32_BIT_CONVERSION = YES;
				GCC_WARN_ABOUT_RETURN_TYPE = YES_ERROR;
				GCC_WARN_UNDECLARED_SELECTOR = YES;
				GCC_WARN_UNINITIALIZED_AUTOS = YES_AGGRESSIVE;
				GCC_WARN_UNUSED_FUNCTION = YES;
				GCC_WARN_UNUSED_VARIABLE = YES;
				IPHONEOS_DEPLOYMENT_TARGET = 18.5;
				LOCALIZATION_PREFERS_STRING_CATALOGS = YES;
				MTL_ENABLE_DEBUG_INFO = NO;
				MTL_FAST_MATH = YES;
				SDKROOT = iphoneos;
				SWIFT_COMPILATION_MODE = wholemodule;
				VALIDATE_PRODUCT = YES;
			};
			name = Release;
		};
		277529232F2A73EE003F4302 /* Debug */ = {
			isa = XCBuildConfiguration;
			buildSettings = {
				ASSETCATALOG_COMPILER_APPICON_NAME = AppIcon;
				ASSETCATALOG_COMPILER_GLOBAL_ACCENT_COLOR_NAME = AccentColor;
				CODE_SIGN_ENTITLEMENTS = Tracker_Habits_IOS/Tracker_Habits_IOS.entitlements;
				CODE_SIGN_STYLE = Automatic;
				CURRENT_PROJECT_VERSION = 1;
				DEVELOPMENT_TEAM = RRX956BA82;
				ENABLE_PREVIEWS = YES;
				GENERATE_INFOPLIST_FILE = YES;
				INFOPLIST_KEY_UIApplicationSceneManifest_Generation = YES;
				INFOPLIST_KEY_UIApplicationSupportsIndirectInputEvents = YES;
				INFOPLIST_KEY_UILaunchScreen_Generation = YES;
				INFOPLIST_KEY_UISupportedInterfaceOrientations_iPad = "UIInterfaceOrientationPortrait UIInterfaceOrientationPortraitUpsideDown UIInterfaceOrientationLandscapeLeft UIInterfaceOrientationLandscapeRight";
				INFOPLIST_KEY_UISupportedInterfaceOrientations_iPhone = "UIInterfaceOrientationPortrait UIInterfaceOrientationLandscapeLeft UIInterfaceOrientationLandscapeRight";
				LD_RUNPATH_SEARCH_PATHS = (
					"$(inherited)",
					"@executable_path/Frameworks",
				);
				MARKETING_VERSION = 1.0;
				PRODUCT_BUNDLE_IDENTIFIER = "haizenn.Tracker-Habits-IOS";
				PRODUCT_NAME = "$(TARGET_NAME)";
				SWIFT_EMIT_LOC_STRINGS = YES;
				SWIFT_VERSION = 5.0;
				TARGETED_DEVICE_FAMILY = "1,2";
			};
			name = Debug;
		};
		277529242F2A73EE003F4302 /* Release */ = {
			isa = XCBuildConfiguration;
			buildSettings = {
				ASSETCATALOG_COMPILER_APPICON_NAME = AppIcon;
				ASSETCATALOG_COMPILER_GLOBAL_ACCENT_COLOR_NAME = AccentColor;
				CODE_SIGN_ENTITLEMENTS = Tracker_Habits_IOS/Tracker_Habits_IOS.entitlements;
				CODE_SIGN_STYLE = Automatic;
				CURRENT_PROJECT_VERSION = 1;
				DEVELOPMENT_TEAM = RRX956BA82;
				ENABLE_PREVIEWS = YES;
				GENERATE_INFOPLIST_FILE = YES;
				INFOPLIST_KEY_UIApplicationSceneManifest_Generation = YES;
				INFOPLIST_KEY_UIApplicationSupportsIndirectInputEvents = YES;
				INFOPLIST_KEY_UILaunchScreen_Generation = YES;
				INFOPLIST_KEY_UISupportedInterfaceOrientations_iPad = "UIInterfaceOrientationPortrait UIInterfaceOrientationPortraitUpsideDown UIInterfaceOrientationLandscapeLeft UIInterfaceOrientationLandscapeRight";
				INFOPLIST_KEY_UISupportedInterfaceOrientations_iPhone = "UIInterfaceOrientationPortrait UIInterfaceOrientationLandscapeLeft UIInterfaceOrientationLandscapeRight";
				LD_RUNPATH_SEARCH_PATHS = (
					"$(inherited)",
					"@executable_path/Frameworks",
				);
				MARKETING_VERSION = 1.0;
				PRODUCT_BUNDLE_IDENTIFIER = "haizenn.Tracker-Habits-IOS";
				PRODUCT_NAME = "$(TARGET_NAME)";
				SWIFT_EMIT_LOC_STRINGS = YES;
				SWIFT_VERSION = 5.0;
				TARGETED_DEVICE_FAMILY = "1,2";
			};
			name = Release;
		};
		277529262F2A73EE003F4302 /* Debug */ = {
			isa = XCBuildConfiguration;
			buildSettings = {
				BUNDLE_LOADER = "$(TEST_HOST)";
				CODE_SIGN_STYLE = Automatic;
				CURRENT_PROJECT_VERSION = 1;
				GENERATE_INFOPLIST_FILE = YES;
				IPHONEOS_DEPLOYMENT_TARGET = 18.5;
				MARKETING_VERSION = 1.0;
				PRODUCT_BUNDLE_IDENTIFIER = "haizenn.Tracker-Habits-IOSTests";
				PRODUCT_NAME = "$(TARGET_NAME)";
				SWIFT_EMIT_LOC_STRINGS = NO;
				SWIFT_VERSION = 5.0;
				TARGETED_DEVICE_FAMILY = "1,2";
				TEST_HOST = "$(BUILT_PRODUCTS_DIR)/Tracker_Habits_IOS.app/$(BUNDLE_EXECUTABLE_FOLDER_PATH)/Tracker_Habits_IOS";
			};
			name = Debug;
		};
		277529272F2A73EE003F4302 /* Release */ = {
			isa = XCBuildConfiguration;
			buildSettings = {
				BUNDLE_LOADER = "$(TEST_HOST)";
				CODE_SIGN_STYLE = Automatic;
				CURRENT_PROJECT_VERSION = 1;
				GENERATE_INFOPLIST_FILE = YES;
				IPHONEOS_DEPLOYMENT_TARGET = 18.5;
				MARKETING_VERSION = 1.0;
				PRODUCT_BUNDLE_IDENTIFIER = "haizenn.Tracker-Habits-IOSTests";
				PRODUCT_NAME = "$(TARGET_NAME)";
				SWIFT_EMIT_LOC_STRINGS = NO;
				SWIFT_VERSION = 5.0;
				TARGETED_DEVICE_FAMILY = "1,2";
				TEST_HOST = "$(BUILT_PRODUCTS_DIR)/Tracker_Habits_IOS.app/$(BUNDLE_EXECUTABLE_FOLDER_PATH)/Tracker_Habits_IOS";
			};
			name = Release;
		};
		277529292F2A73EE003F4302 /* Debug */ = {
			isa = XCBuildConfiguration;
			buildSettings = {
				CODE_SIGN_STYLE = Automatic;
				CURRENT_PROJECT_VERSION = 1;
				GENERATE_INFOPLIST_FILE = YES;
				MARKETING_VERSION = 1.0;
				PRODUCT_BUNDLE_IDENTIFIER = "haizenn.Tracker-Habits-IOSUITests";
				PRODUCT_NAME = "$(TARGET_NAME)";
				SWIFT_EMIT_LOC_STRINGS = NO;
				SWIFT_VERSION = 5.0;
				TARGETED_DEVICE_FAMILY = "1,2";
				TEST_TARGET_NAME = Tracker_Habits_IOS;
			};
			name = Debug;
		};
		2775292A2F2A73EE003F4302 /* Release */ = {
			isa = XCBuildConfiguration;
			buildSettings = {
				CODE_SIGN_STYLE = Automatic;
				CURRENT_PROJECT_VERSION = 1;
				GENERATE_INFOPLIST_FILE = YES;
				MARKETING_VERSION = 1.0;
				PRODUCT_BUNDLE_IDENTIFIER = "haizenn.Tracker-Habits-IOSUITests";
				PRODUCT_NAME = "$(TARGET_NAME)";
				SWIFT_EMIT_LOC_STRINGS = NO;
				SWIFT_VERSION = 5.0;
				TARGETED_DEVICE_FAMILY = "1,2";
				TEST_TARGET_NAME = Tracker_Habits_IOS;
			};
			name = Release;
		};
		277529482F2A7473003F4302 /* Debug */ = {
			isa = XCBuildConfiguration;
			buildSettings = {
				ASSETCATALOG_COMPILER_GLOBAL_ACCENT_COLOR_NAME = AccentColor;
				ASSETCATALOG_COMPILER_WIDGET_BACKGROUND_COLOR_NAME = WidgetBackground;
				CODE_SIGN_ENTITLEMENTS = MakiExtension.entitlements;
				CODE_SIGN_STYLE = Automatic;
				CURRENT_PROJECT_VERSION = 1;
				DEVELOPMENT_TEAM = RRX956BA82;
				GENERATE_INFOPLIST_FILE = YES;
				INFOPLIST_FILE = Maki/Info.plist;
				INFOPLIST_KEY_CFBundleDisplayName = Maki;
				INFOPLIST_KEY_NSHumanReadableCopyright = "";
				LD_RUNPATH_SEARCH_PATHS = (
					"$(inherited)",
					"@executable_path/Frameworks",
					"@executable_path/../../Frameworks",
				);
				MARKETING_VERSION = 1.0;
				PRODUCT_BUNDLE_IDENTIFIER = "haizenn.Tracker-Habits-IOS.Maki";
				PRODUCT_NAME = "$(TARGET_NAME)";
				SKIP_INSTALL = YES;
				SWIFT_EMIT_LOC_STRINGS = YES;
				SWIFT_VERSION = 5.0;
				TARGETED_DEVICE_FAMILY = "1,2";
			};
			name = Debug;
		};
		277529492F2A7473003F4302 /* Release */ = {
			isa = XCBuildConfiguration;
			buildSettings = {
				ASSETCATALOG_COMPILER_GLOBAL_ACCENT_COLOR_NAME = AccentColor;
				ASSETCATALOG_COMPILER_WIDGET_BACKGROUND_COLOR_NAME = WidgetBackground;
				CODE_SIGN_ENTITLEMENTS = MakiExtension.entitlements;
				CODE_SIGN_STYLE = Automatic;
				CURRENT_PROJECT_VERSION = 1;
				DEVELOPMENT_TEAM = RRX956BA82;
				GENERATE_INFOPLIST_FILE = YES;
				INFOPLIST_FILE = Maki/Info.plist;
				INFOPLIST_KEY_CFBundleDisplayName = Maki;
				INFOPLIST_KEY_NSHumanReadableCopyright = "";
				LD_RUNPATH_SEARCH_PATHS = (
					"$(inherited)",
					"@executable_path/Frameworks",
					"@executable_path/../../Frameworks",
				);
				MARKETING_VERSION = 1.0;
				PRODUCT_BUNDLE_IDENTIFIER = "haizenn.Tracker-Habits-IOS.Maki";
				PRODUCT_NAME = "$(TARGET_NAME)";
				SKIP_INSTALL = YES;
				SWIFT_EMIT_LOC_STRINGS = YES;
				SWIFT_VERSION = 5.0;
				TARGETED_DEVICE_FAMILY = "1,2";
			};
			name = Release;
		};
/* End XCBuildConfiguration section */

/* Begin XCConfigurationList section */
		277528FC2F2A73EC003F4302 /* Build configuration list for PBXProject "Tracker_Habits_IOS" */ = {
			isa = XCConfigurationList;
			buildConfigurations = (
				277529202F2A73EE003F4302 /* Debug */,
				277529212F2A73EE003F4302 /* Release */,
			);
			defaultConfigurationIsVisible = 0;
			defaultConfigurationName = Release;
		};
		277529222F2A73EE003F4302 /* Build configuration list for PBXNativeTarget "Tracker_Habits_IOS" */ = {
			isa = XCConfigurationList;
			buildConfigurations = (
				277529232F2A73EE003F4302 /* Debug */,
				277529242F2A73EE003F4302 /* Release */,
			);
			defaultConfigurationIsVisible = 0;
			defaultConfigurationName = Release;
		};
		277529252F2A73EE003F4302 /* Build configuration list for PBXNativeTarget "Tracker_Habits_IOSTests" */ = {
			isa = XCConfigurationList;
			buildConfigurations = (
				277529262F2A73EE003F4302 /* Debug */,
				277529272F2A73EE003F4302 /* Release */,
			);
			defaultConfigurationIsVisible = 0;
			defaultConfigurationName = Release;
		};
		277529282F2A73EE003F4302 /* Build configuration list for PBXNativeTarget "Tracker_Habits_IOSUITests" */ = {
			isa = XCConfigurationList;
			buildConfigurations = (
				277529292F2A73EE003F4302 /* Debug */,
				2775292A2F2A73EE003F4302 /* Release */,
			);
			defaultConfigurationIsVisible = 0;
			defaultConfigurationName = Release;
		};
		277529472F2A7473003F4302 /* Build configuration list for PBXNativeTarget "MakiExtension" */ = {
			isa = XCConfigurationList;
			buildConfigurations = (
				277529482F2A7473003F4302 /* Debug */,
				277529492F2A7473003F4302 /* Release */,
			);
			defaultConfigurationIsVisible = 0;
			defaultConfigurationName = Release;
		};
/* End XCConfigurationList section */
	};
	rootObject = 277528F92F2A73EC003F4302 /* Project object */;
}
